
<<<<<<< HEAD
Microsoft Visual Studio Solution File, Format Version 11.00
# Visual Studio 2010
Project("{FAE04EC0-301F-11D3-BF4B-00C04F79EFBC}") = "Assembly-CSharp", "Assembly-CSharp.csproj", "{b46041e0-86e5-844a-e77d-d00e6d6d7fd0}"
=======
Microsoft Visual Studio Solution File, Format Version 12.00
# Visual Studio 15
Project("{FAE04EC0-301F-11D3-BF4B-00C04F79EFBC}") = "Assembly-CSharp", "Assembly-CSharp.csproj", "{E04160B4-E586-4A84-E77D-D00E6D6D7FD0}"
>>>>>>> 5989ff2e6a0463b93b9d73e4e3bf34a1b9af819d
EndProject
Global
	GlobalSection(SolutionConfigurationPlatforms) = preSolution
		Debug|Any CPU = Debug|Any CPU
<<<<<<< HEAD
	EndGlobalSection
	GlobalSection(ProjectConfigurationPlatforms) = postSolution
		{b46041e0-86e5-844a-e77d-d00e6d6d7fd0}.Debug|Any CPU.ActiveCfg = Debug|Any CPU
		{b46041e0-86e5-844a-e77d-d00e6d6d7fd0}.Debug|Any CPU.Build.0 = Debug|Any CPU
=======
		Release|Any CPU = Release|Any CPU
	EndGlobalSection
	GlobalSection(ProjectConfigurationPlatforms) = postSolution
		{E04160B4-E586-4A84-E77D-D00E6D6D7FD0}.Debug|Any CPU.ActiveCfg = Debug|Any CPU
		{E04160B4-E586-4A84-E77D-D00E6D6D7FD0}.Debug|Any CPU.Build.0 = Debug|Any CPU
		{E04160B4-E586-4A84-E77D-D00E6D6D7FD0}.Release|Any CPU.ActiveCfg = Release|Any CPU
		{E04160B4-E586-4A84-E77D-D00E6D6D7FD0}.Release|Any CPU.Build.0 = Release|Any CPU
>>>>>>> 5989ff2e6a0463b93b9d73e4e3bf34a1b9af819d
	EndGlobalSection
	GlobalSection(SolutionProperties) = preSolution
		HideSolutionNode = FALSE
	EndGlobalSection
EndGlobal
